{
  "nodes": {
    "elisp-helpers": {
      "flake": false,
      "locked": {
        "lastModified": 1693912311,
        "narHash": "sha256-UqBnIr3Zx4kWNutcuM3YiH6BvJiSCU1eQX53+1whCkQ=",
        "owner": "emacs-twist",
        "repo": "elisp-helpers",
        "rev": "cd21b8951701b048a794ea67c482c53e834440b5",
        "type": "github"
      },
      "original": {
        "owner": "emacs-twist",
        "repo": "elisp-helpers",
        "type": "github"
      }
    },
    "emacs-overlay": {
      "inputs": {
        "flake-utils": "flake-utils",
        "nixpkgs": [
          "nixpkgs"
        ],
        "nixpkgs-stable": "nixpkgs-stable"
      },
      "locked": {
        "lastModified": 1698459189,
        "narHash": "sha256-ncpC0Dn7CsxGcKVDezkCs+hRh3495xZeRiSyRt4WDQo=",
        "owner": "nix-community",
        "repo": "emacs-overlay",
        "rev": "75c826ceb5898607333b7030b41060b2030e3e75",
        "type": "github"
      },
      "original": {
        "owner": "nix-community",
        "repo": "emacs-overlay",
        "type": "github"
      }
    },
    "flake-parts": {
      "inputs": {
        "nixpkgs-lib": "nixpkgs-lib"
      },
      "locked": {
        "lastModified": 1696343447,
        "narHash": "sha256-B2xAZKLkkeRFG5XcHHSXXcP7To9Xzr59KXeZiRf4vdQ=",
        "owner": "hercules-ci",
        "repo": "flake-parts",
        "rev": "c9afaba3dfa4085dbd2ccb38dfade5141e33d9d4",
        "type": "github"
      },
      "original": {
        "id": "flake-parts",
        "type": "indirect"
      }
    },
    "flake-utils": {
      "inputs": {
        "systems": "systems"
      },
      "locked": {
        "lastModified": 1694529238,
        "narHash": "sha256-zsNZZGTGnMOf9YpHKJqMSsa0dXbfmxeoJ7xHlrt+xmY=",
        "owner": "numtide",
        "repo": "flake-utils",
        "rev": "ff7b65b44d01cf9ba6a71320833626af21126384",
        "type": "github"
      },
      "original": {
        "owner": "numtide",
        "repo": "flake-utils",
        "type": "github"
      }
    },
    "gnu-elpa": {
      "flake": false,
      "locked": {
        "lastModified": 1698215629,
        "narHash": "sha256-RgXIFBugUxE9An2mH6HKZLF5+qjUz3Il7XJTKT2umA0=",
        "ref": "main",
        "rev": "a9ece7474d3f9d48ea4422698724235697b0fc95",
        "revCount": 545,
        "type": "git",
        "url": "https://git.savannah.gnu.org/git/emacs/elpa.git"
      },
      "original": {
        "ref": "main",
        "type": "git",
        "url": "https://git.savannah.gnu.org/git/emacs/elpa.git"
      }
    },
    "melpa": {
      "flake": false,
      "locked": {
        "lastModified": 1698011665,
        "narHash": "sha256-urtd3T0oLP7JbWtsPP6j/Iy3/zJi9RPZMSVz4XXz+Ig=",
        "owner": "melpa",
        "repo": "melpa",
        "rev": "382cb915901971ff5e9b32156cbeb5639c3bf20f",
        "type": "github"
      },
      "original": {
        "owner": "melpa",
        "repo": "melpa",
        "type": "github"
      }
    },
    "nixpkgs": {
      "locked": {
        "lastModified": 1698318101,
        "narHash": "sha256-gUihHt3yPD7bVqg+k/UVHgngyaJ3DMEBchbymBMvK1E=",
        "owner": "NixOS",
        "repo": "nixpkgs",
        "rev": "63678e9f3d3afecfeafa0acead6239cdb447574c",
        "type": "github"
      },
      "original": {
        "owner": "NixOS",
        "ref": "nixos-unstable",
        "repo": "nixpkgs",
        "type": "github"
      }
    },
    "nixpkgs-lib": {
      "locked": {
        "dir": "lib",
        "lastModified": 1696019113,
        "narHash": "sha256-X3+DKYWJm93DRSdC5M6K5hLqzSya9BjibtBsuARoPco=",
        "owner": "NixOS",
        "repo": "nixpkgs",
        "rev": "f5892ddac112a1e9b3612c39af1b72987ee5783a",
        "type": "github"
      },
      "original": {
        "dir": "lib",
        "owner": "NixOS",
        "ref": "nixos-unstable",
        "repo": "nixpkgs",
        "type": "github"
      }
    },
    "nixpkgs-stable": {
      "locked": {
        "lastModified": 1698288402,
        "narHash": "sha256-jIIjApPdm+4yt8PglX8pUOexAdEiAax/DXW3S/Mb21E=",
        "owner": "NixOS",
        "repo": "nixpkgs",
        "rev": "60b9db998f71ea49e1a9c41824d09aa274be1344",
        "type": "github"
      },
      "original": {
        "owner": "NixOS",
        "ref": "nixos-23.05",
        "repo": "nixpkgs",
        "type": "github"
      }
    },
    "nongnu-elpa": {
      "flake": false,
      "locked": {
        "lastModified": 1697832115,
        "narHash": "sha256-z5diveEOYJZF0EymLaQjoPnvRe/8JzS0rPD5rnis/Qc=",
        "ref": "main",
        "rev": "e5adab3409abfa69ecbaeb07bb88d48f78e03d3f",
        "revCount": 296,
        "type": "git",
        "url": "https://git.savannah.gnu.org/git/emacs/nongnu.git"
      },
      "original": {
        "ref": "main",
        "type": "git",
        "url": "https://git.savannah.gnu.org/git/emacs/nongnu.git"
      }
    },
    "org-babel": {
      "locked": {
        "lastModified": 1669954182,
        "narHash": "sha256-tYXRO/+MbLDQNn/mqnWKrQrYvFY0gHbU29wYln7+mpY=",
        "owner": "emacs-twist",
        "repo": "org-babel",
        "rev": "b448845abbbc8b742e9de547cd49ec886cd79cbf",
        "type": "github"
      },
      "original": {
        "owner": "emacs-twist",
        "repo": "org-babel",
        "type": "github"
      }
    },
    "root": {
      "inputs": {
        "emacs-overlay": "emacs-overlay",
        "flake-parts": "flake-parts",
        "gnu-elpa": "gnu-elpa",
        "melpa": "melpa",
        "nixpkgs": "nixpkgs",
        "nongnu-elpa": "nongnu-elpa",
        "org-babel": "org-babel",
        "twist": "twist"
      }
    },
    "systems": {
      "locked": {
        "lastModified": 1681028828,
        "narHash": "sha256-Vy1rq5AaRuLzOxct8nz4T6wlgyUR7zLU309k9mBC768=",
        "owner": "nix-systems",
        "repo": "default",
        "rev": "da67096a3b9bf56a91d16901293e51ba5b49a27e",
        "type": "github"
      },
      "original": {
        "owner": "nix-systems",
        "repo": "default",
        "type": "github"
      }
    },
    "twist": {
      "inputs": {
        "elisp-helpers": "elisp-helpers"
      },
      "locked": {
        "lastModified": 1698214736,
        "narHash": "sha256-GQ0XSeh3AS+lp3GCrrZYg5Aok01YVgWdV3T01cXRtfU=",
        "owner": "emacs-twist",
        "repo": "twist.nix",
        "rev": "c9b24e09a175ff379783d260f5ab5eeef0590697",
        "type": "github"
      },
      "original": {
        "owner": "emacs-twist",
        "repo": "twist.nix",
        "type": "github"
      }
    }
  },
  "root": "root",
  "version": 7
}
