{
  "nodes": {
    "emacs-overlay": {
      "locked": {
        "lastModified": 1593274608,
        "narHash": "sha256-jsceujFbx/REGf3p9P31p537pg0Z2cO8ZPrT8l2N2n4=",
        "owner": "nix-community",
        "repo": "emacs-overlay",
        "rev": "7930f86db12d957aae1172d596e2e21ee6c02770",
        "type": "github"
      },
      "original": {
        "owner": "nix-community",
        "repo": "emacs-overlay",
        "type": "github"
      }
    },
    "home-manager": {
      "inputs": {
        "nixpkgs": [
          "nixpkgs"
        ]
      },
      "locked": {
        "lastModified": 1591751635,
        "narHash": "sha256-KgGtyFlkI/fsp+j8VEgJ/ynY9B91aX35Xp04HlDLRTo=",
        "owner": "rycee",
        "repo": "home-manager",
        "rev": "b3fee796fcd5531693d9b84ece76ad6836bb1cfa",
        "type": "github"
      },
      "original": {
        "owner": "rycee",
        "ref": "bqv-flakes",
        "repo": "home-manager",
        "type": "github"
      }
    },
    "nixpkgs": {
      "locked": {
        "lastModified": 1593034146,
        "narHash": "sha256-EypP7RyPq5Yv05VgsQoIkdn26KJUIgQCItHgVY1MMQE=",
        "owner": "NixOS",
        "repo": "nixpkgs",
        "rev": "f8248ab6d9e69ea9c07950d73d48807ec595e923",
        "type": "github"
      },
      "original": {
        "owner": "NixOS",
        "ref": "nixos-20.03",
        "repo": "nixpkgs",
        "type": "github"
      }
    },
    "root": {
      "inputs": {
        "emacs-overlay": "emacs-overlay",
        "home-manager": "home-manager",
        "nixpkgs": "nixpkgs",
        "utils": "utils"
      }
    },
    "utils": {
      "locked": {
        "lastModified": 1590791977,
        "narHash": "sha256-l26u9vRsdV9jkoBGlzFxTKLKtrZ38xCMZIG9h9ibFjQ=",
        "owner": "numtide",
        "repo": "flake-utils",
        "rev": "4fbce19a7a9647154a35f0e856d52171c41e14a4",
        "type": "github"
      },
      "original": {
        "owner": "numtide",
        "repo": "flake-utils",
        "type": "github"
      }
    }
  },
  "root": "root",
  "version": 7
}
