{
  "adaptive-wrap": {
    "archive": {
      "narHash": "sha256-H2cGrvZFeaCe8YLiY3ydmr8/N9PWi5IY8XYTMqYZea0=",
      "type": "tarball",
      "url": "https://elpa.gnu.org/packages/adaptive-wrap-0.8.tar"
    },
    "inventory": {
      "type": "archive",
      "url": "https://elpa.gnu.org/packages/"
    },
    "packageRequires": {},
    "version": "0.8"
  },
  "queue": {
    "archive": {
      "narHash": "sha256-l1a18KhqXRtir2NSDVEY4yWGoUl97Vo9CvD1T9Jpw/Q=",
      "type": "tarball",
      "url": "https://elpa.gnu.org/packages/queue-0.2.tar"
    },
    "inventory": {
      "type": "archive",
      "url": "https://elpa.gnu.org/packages/"
    },
    "packageRequires": {},
    "version": "0.2"
  }
}
