{
  "adaptive-wrap": {
    "archive": {
      "narHash": "sha256-AnDqA7uYSRiLMVAKzw0S2bV+QMagbGxgy38paPaUN4o=",
      "type": "tarball",
      "url": "https://elpa.gnu.org/packages/adaptive-wrap-0.8.tar"
    },
    "inventory": {
      "type": "archive",
      "url": "https://elpa.gnu.org/packages/"
    },
    "packageRequires": {},
    "version": "0.8"
  },
  "csv-mode": {
    "archive": {
      "narHash": "sha256-m2BrVFt3HIiy8RNLdL52jvyt4lDzB7hmJQ8cGwBE9wY=",
      "type": "tarball",
      "url": "https://elpa.gnu.org/packages/csv-mode-1.22.tar"
    },
    "inventory": {
      "type": "archive",
      "url": "https://elpa.gnu.org/packages/"
    },
    "packageRequires": {
      "cl-lib": "0.5",
      "emacs": "27.1"
    },
    "version": "1.22"
  },
  "cycle-quotes": {
    "archive": {
      "narHash": "sha256-kLKvs9anXuLEqCkuR8hF9XWBtMvMeCFNcabOOI/RXrY=",
      "type": "tarball",
      "url": "https://elpa.gnu.org/packages/cycle-quotes-0.1.tar"
    },
    "inventory": {
      "type": "archive",
      "url": "https://elpa.gnu.org/packages/"
    },
    "packageRequires": {},
    "version": "0.1"
  },
  "jinx": {
    "archive": {
      "narHash": "sha256-NA2ulVZuhetCYxwvUgOv8nDAdC9LYFDpj7O42pD/wyI=",
      "type": "tarball",
      "url": "https://elpa.gnu.org/packages/jinx-0.6.tar"
    },
    "inventory": {
      "type": "archive",
      "url": "https://elpa.gnu.org/packages/"
    },
    "packageRequires": {
      "compat": "29.1.4.0",
      "emacs": "27.1"
    },
    "version": "0.6"
  },
  "queue": {
    "archive": {
      "narHash": "sha256-cbv1sqH7LJXdRZ/teyScnysvsn8/JcaPqrRBc7jGrZw=",
      "type": "file",
      "url": "https://elpa.gnu.org/packages/queue-0.2.el"
    },
    "inventory": {
      "type": "archive",
      "url": "https://elpa.gnu.org/packages/"
    },
    "packageRequires": {},
    "version": "0.2"
  },
  "rainbow-mode": {
    "archive": {
      "narHash": "sha256-Qd5M2ellyZW+UPAxUarkS6s5dv4k3xyTpJtMmKTH9Ug=",
      "type": "tarball",
      "url": "https://elpa.gnu.org/packages/rainbow-mode-1.0.6.tar"
    },
    "inventory": {
      "type": "archive",
      "url": "https://elpa.gnu.org/packages/"
    },
    "packageRequires": {},
    "version": "1.0.6"
  }
}
